
Microsoft Visual Studio Solution File, Format Version 12.00
# Visual Studio Version 16
VisualStudioVersion = 16.0.30517.126
MinimumVisualStudioVersion = 10.0.40219.1
Project("{FAE04EC0-301F-11D3-BF4B-00C04F79EFBC}") = "EncryptAndDecrypt", "EncryptAndDecrypt.csproj", "{AF6B1C32-F818-4DB2-B57D-2EBE81261353}"
EndProject
Global
	GlobalSection(SolutionConfigurationPlatforms) = preSolution
		Debug|Any CPU = Debug|Any CPU
		Release|Any CPU = Release|Any CPU
	EndGlobalSection
	GlobalSection(ProjectConfigurationPlatforms) = postSolution
		{AF6B1C32-F818-4DB2-B57D-2EBE81261353}.Debug|Any CPU.ActiveCfg = Debug|Any CPU
		{AF6B1C32-F818-4DB2-B57D-2EBE81261353}.Debug|Any CPU.Build.0 = Debug|Any CPU
		{AF6B1C32-F818-4DB2-B57D-2EBE81261353}.Release|Any CPU.ActiveCfg = Release|Any CPU
		{AF6B1C32-F818-4DB2-B57D-2EBE81261353}.Release|Any CPU.Build.0 = Release|Any CPU
	EndGlobalSection
	GlobalSection(SolutionProperties) = preSolution
		HideSolutionNode = FALSE
	EndGlobalSection
	GlobalSection(ExtensibilityGlobals) = postSolution
		SolutionGuid = {2CA1E410-F8C5-4B0B-B665-CE628C1449E1}
	EndGlobalSection
EndGlobal
